
Microsoft Visual Studio Solution File, Format Version 12.00
# Visual Studio Version 17
VisualStudioVersion = 17.7.34031.279
MinimumVisualStudioVersion = 10.0.40219.1
Project("{FAE04EC0-301F-11D3-BF4B-00C04F79EFBC}") = "Final Project", "Final Project\Final Project.csproj", "{AC1AB712-6D47-4B63-A04C-656904029490}"
EndProject
Global
	GlobalSection(SolutionConfigurationPlatforms) = preSolution
		Debug|Any CPU = Debug|Any CPU
		Release|Any CPU = Release|Any CPU
	EndGlobalSection
	GlobalSection(ProjectConfigurationPlatforms) = postSolution
		{AC1AB712-6D47-4B63-A04C-656904029490}.Debug|Any CPU.ActiveCfg = Debug|Any CPU
		{AC1AB712-6D47-4B63-A04C-656904029490}.Debug|Any CPU.Build.0 = Debug|Any CPU
		{AC1AB712-6D47-4B63-A04C-656904029490}.Release|Any CPU.ActiveCfg = Release|Any CPU
		{AC1AB712-6D47-4B63-A04C-656904029490}.Release|Any CPU.Build.0 = Release|Any CPU
	EndGlobalSection
	GlobalSection(SolutionProperties) = preSolution
		HideSolutionNode = FALSE
	EndGlobalSection
	GlobalSection(ExtensibilityGlobals) = postSolution
		SolutionGuid = {8A763538-3ADF-4BF7-A12D-5131A1A3C20F}
	EndGlobalSection
EndGlobal
